# THIS IS AN AUTOGENERATED FILE. DO NOT EDIT THIS FILE DIRECTLY.
# yarn lockfile v1


"@types/three@^0.133.1":
  version "0.133.1"
  resolved "https://registry.yarnpkg.com/@types/three/-/three-0.133.1.tgz#6007faaf7f6b53339150a2a1fe57121e4c6607c1"
  integrity sha512-XqBrP/+kbs+o0CYRhCVVE95v7FaL2bO5Z7+3VQJE0nEyjo+9LoLfeNgZITOnndKHxM+7ltEciAIR7uE0SZlsOg==
